[{<<"abnfc">>,
  {git,"git://github.com/heroku/abnfc.git",
       {ref,"856c77cce8f0dd66bfe95f3ec4041f9f59b742bb"}},
  1},
 {<<"cowboy">>,
  {git,"https://github.com/extend/cowboy.git",
       {ref,"46b2ea0aaa7fe891bfdf3f8a0c47357393e72cf6"}},
  0},
 {<<"ex_uri">>,
  {git,"git://github.com/heroku/ex_uri.git",
       {ref,"f7f10e75477513d5f77f311c5ec1b6227d44e5a6"}},
  0},
 {<<"ibrowse">>,
  {git,"https://github.com/cmullaparthi/ibrowse.git",
       {ref,"e6a0c366fc8fc982d7981087c1e9d1e28e2a235a"}},
  0},
 {<<"jiffy">>,
  {git,"git@git.internal.sumup.com:/opt/repos/erlang_modules/jiffy.git",
       {ref,"d16a4fd968e000b65e4678cccfad68d7a0a8bd1c"}},
  0},
 {<<"proper">>,
  {git,"https://github.com/manopapad/proper.git",
       {ref,"5f0d69c831b6c9f52535c3d1846efca480f6190d"}},
  0},
 {<<"ranch">>,
  {git,"git://github.com/extend/ranch.git",
       {ref,"aeceeae9b2df201a20d201cc7c23341ffdc170f3"}},
  1}].
